
Microsoft Visual Studio Solution File, Format Version 12.00
# Visual Studio Version 17
VisualStudioVersion = 17.0.31903.59
MinimumVisualStudioVersion = 10.0.40219.1
Project("{FAE04EC0-301F-11D3-BF4B-00C04F79EFBC}") = "First_Web_App", "First_Web_App.csproj", "{B64A52D4-5C9B-493C-AE36-9E1942A311CE}"
EndProject
Global
	GlobalSection(SolutionConfigurationPlatforms) = preSolution
		Debug|Any CPU = Debug|Any CPU
		Release|Any CPU = Release|Any CPU
	EndGlobalSection
	GlobalSection(SolutionProperties) = preSolution
		HideSolutionNode = FALSE
	EndGlobalSection
	GlobalSection(ProjectConfigurationPlatforms) = postSolution
		{B64A52D4-5C9B-493C-AE36-9E1942A311CE}.Debug|Any CPU.ActiveCfg = Debug|Any CPU
		{B64A52D4-5C9B-493C-AE36-9E1942A311CE}.Debug|Any CPU.Build.0 = Debug|Any CPU
		{B64A52D4-5C9B-493C-AE36-9E1942A311CE}.Release|Any CPU.ActiveCfg = Release|Any CPU
		{B64A52D4-5C9B-493C-AE36-9E1942A311CE}.Release|Any CPU.Build.0 = Release|Any CPU
	EndGlobalSection
EndGlobal
